
Microsoft Visual Studio Solution File, Format Version 12.00
# Visual Studio 2012
Project("{D954291E-2A0B-460D-934E-DC6B0785DB48}") = "ParkingGrandLyon", "ParkingGrandLyon\ParkingGrandLyon.shproj", "{C33D0D2A-4ED5-43F9-855D-05226929DE53}"
EndProject
Project("{FAE04EC0-301F-11D3-BF4B-00C04F79EFBC}") = "ParkingGrandLyon.iOS", "iOS\ParkingGrandLyon.iOS.csproj", "{4ABAF6CF-A9C6-432E-8CCA-A12DCCD60097}"
EndProject
Project("{FAE04EC0-301F-11D3-BF4B-00C04F79EFBC}") = "ParkingGrandLyon.Droid", "Droid\ParkingGrandLyon.Droid.csproj", "{4655B020-D114-48C9-A68B-8CFBA0166071}"
EndProject
Global
	GlobalSection(SolutionConfigurationPlatforms) = preSolution
		Debug|iPhoneSimulator = Debug|iPhoneSimulator
		Release|iPhone = Release|iPhone
		Release|iPhoneSimulator = Release|iPhoneSimulator
		Debug|iPhone = Debug|iPhone
		Debug|Any CPU = Debug|Any CPU
		Release|Any CPU = Release|Any CPU
	EndGlobalSection
	GlobalSection(ProjectConfigurationPlatforms) = postSolution
		{4ABAF6CF-A9C6-432E-8CCA-A12DCCD60097}.Debug|iPhoneSimulator.ActiveCfg = Debug|iPhoneSimulator
		{4ABAF6CF-A9C6-432E-8CCA-A12DCCD60097}.Debug|iPhoneSimulator.Build.0 = Debug|iPhoneSimulator
		{4ABAF6CF-A9C6-432E-8CCA-A12DCCD60097}.Release|iPhone.ActiveCfg = Release|iPhone
		{4ABAF6CF-A9C6-432E-8CCA-A12DCCD60097}.Release|iPhone.Build.0 = Release|iPhone
		{4ABAF6CF-A9C6-432E-8CCA-A12DCCD60097}.Release|iPhoneSimulator.ActiveCfg = Release|iPhoneSimulator
		{4ABAF6CF-A9C6-432E-8CCA-A12DCCD60097}.Release|iPhoneSimulator.Build.0 = Release|iPhoneSimulator
		{4ABAF6CF-A9C6-432E-8CCA-A12DCCD60097}.Debug|iPhone.ActiveCfg = Debug|iPhone
		{4ABAF6CF-A9C6-432E-8CCA-A12DCCD60097}.Debug|iPhone.Build.0 = Debug|iPhone
		{4ABAF6CF-A9C6-432E-8CCA-A12DCCD60097}.Debug|Any CPU.ActiveCfg = Debug|iPhoneSimulator
		{4ABAF6CF-A9C6-432E-8CCA-A12DCCD60097}.Debug|Any CPU.Build.0 = Debug|iPhoneSimulator
		{4ABAF6CF-A9C6-432E-8CCA-A12DCCD60097}.Release|Any CPU.ActiveCfg = Release|iPhone
		{4ABAF6CF-A9C6-432E-8CCA-A12DCCD60097}.Release|Any CPU.Build.0 = Release|iPhone
		{4655B020-D114-48C9-A68B-8CFBA0166071}.Debug|iPhoneSimulator.ActiveCfg = Debug|Any CPU
		{4655B020-D114-48C9-A68B-8CFBA0166071}.Debug|iPhoneSimulator.Build.0 = Debug|Any CPU
		{4655B020-D114-48C9-A68B-8CFBA0166071}.Release|iPhone.ActiveCfg = Release|Any CPU
		{4655B020-D114-48C9-A68B-8CFBA0166071}.Release|iPhone.Build.0 = Release|Any CPU
		{4655B020-D114-48C9-A68B-8CFBA0166071}.Release|iPhoneSimulator.ActiveCfg = Release|Any CPU
		{4655B020-D114-48C9-A68B-8CFBA0166071}.Release|iPhoneSimulator.Build.0 = Release|Any CPU
		{4655B020-D114-48C9-A68B-8CFBA0166071}.Debug|iPhone.ActiveCfg = Debug|Any CPU
		{4655B020-D114-48C9-A68B-8CFBA0166071}.Debug|iPhone.Build.0 = Debug|Any CPU
		{4655B020-D114-48C9-A68B-8CFBA0166071}.Debug|Any CPU.ActiveCfg = Debug|Any CPU
		{4655B020-D114-48C9-A68B-8CFBA0166071}.Debug|Any CPU.Build.0 = Debug|Any CPU
		{4655B020-D114-48C9-A68B-8CFBA0166071}.Release|Any CPU.ActiveCfg = Release|Any CPU
		{4655B020-D114-48C9-A68B-8CFBA0166071}.Release|Any CPU.Build.0 = Release|Any CPU
	EndGlobalSection
EndGlobal
